// !$*UTF8*$!
{
	archiveVersion = 1;
	classes = {
	};
	objectVersion = 56;
	objects = {

/* Begin PBXBuildFile section */
		35DAA24139476FA88B622B9D /* Pods_FileSharingApp.framework in Frameworks */ = {isa = PBXBuildFile; fileRef = 1012ECD605220AE28F8C0AB0 /* Pods_FileSharingApp.framework */; };
		E020CCB12AC0CB13005A5B48 /* WebViewController.swift in Sources */ = {isa = PBXBuildFile; fileRef = E020CCB02AC0CB13005A5B48 /* WebViewController.swift */; };
		E06CFF8A2AB37F7E00875D0E /* GoogleService-Info.plist in Resources */ = {isa = PBXBuildFile; fileRef = E06CFF892AB37F7E00875D0E /* GoogleService-Info.plist */; };
		E0B9A6522A9CFB7E003E39F2 /* RegisterViewController.swift in Sources */ = {isa = PBXBuildFile; fileRef = E0B9A6512A9CFB7E003E39F2 /* RegisterViewController.swift */; };
		E0B9A6542A9CFC80003E39F2 /* HomeViewController.swift in Sources */ = {isa = PBXBuildFile; fileRef = E0B9A6532A9CFC80003E39F2 /* HomeViewController.swift */; };
		E0B9A6582A9CFE6A003E39F2 /* FileViewController.swift in Sources */ = {isa = PBXBuildFile; fileRef = E0B9A6572A9CFE6A003E39F2 /* FileViewController.swift */; };
		E0D32C9C2AA62ECD00824B45 /* AlertManager.swift in Sources */ = {isa = PBXBuildFile; fileRef = E0D32C9B2AA62ECD00824B45 /* AlertManager.swift */; };
		E0DB8EB62A9C1F0C005B1E73 /* AppDelegate.swift in Sources */ = {isa = PBXBuildFile; fileRef = E0DB8EB52A9C1F0C005B1E73 /* AppDelegate.swift */; };
		E0DB8EB82A9C1F0C005B1E73 /* SceneDelegate.swift in Sources */ = {isa = PBXBuildFile; fileRef = E0DB8EB72A9C1F0C005B1E73 /* SceneDelegate.swift */; };
		E0DB8EBA2A9C1F0C005B1E73 /* LoginViewController.swift in Sources */ = {isa = PBXBuildFile; fileRef = E0DB8EB92A9C1F0C005B1E73 /* LoginViewController.swift */; };
		E0DB8EBD2A9C1F0C005B1E73 /* Main.storyboard in Resources */ = {isa = PBXBuildFile; fileRef = E0DB8EBB2A9C1F0C005B1E73 /* Main.storyboard */; };
		E0DB8EBF2A9C1F0C005B1E73 /* Assets.xcassets in Resources */ = {isa = PBXBuildFile; fileRef = E0DB8EBE2A9C1F0C005B1E73 /* Assets.xcassets */; };
		E0DB8EC22A9C1F0C005B1E73 /* LaunchScreen.storyboard in Resources */ = {isa = PBXBuildFile; fileRef = E0DB8EC02A9C1F0C005B1E73 /* LaunchScreen.storyboard */; };
/* End PBXBuildFile section */

/* Begin PBXFileReference section */
		1012ECD605220AE28F8C0AB0 /* Pods_FileSharingApp.framework */ = {isa = PBXFileReference; explicitFileType = wrapper.framework; includeInIndex = 0; path = Pods_FileSharingApp.framework; sourceTree = BUILT_PRODUCTS_DIR; };
		1BA87D4301779F12B2F93CB3 /* Pods-FileSharingApp.release.xcconfig */ = {isa = PBXFileReference; includeInIndex = 1; lastKnownFileType = text.xcconfig; name = "Pods-FileSharingApp.release.xcconfig"; path = "Target Support Files/Pods-FileSharingApp/Pods-FileSharingApp.release.xcconfig"; sourceTree = "<group>"; };
		5AC7FD398398B8319F1345A6 /* Pods-FileSharingApp.debug.xcconfig */ = {isa = PBXFileReference; includeInIndex = 1; lastKnownFileType = text.xcconfig; name = "Pods-FileSharingApp.debug.xcconfig"; path = "Target Support Files/Pods-FileSharingApp/Pods-FileSharingApp.debug.xcconfig"; sourceTree = "<group>"; };
		E020CCB02AC0CB13005A5B48 /* WebViewController.swift */ = {isa = PBXFileReference; lastKnownFileType = sourcecode.swift; path = WebViewController.swift; sourceTree = "<group>"; };
		E06CFF892AB37F7E00875D0E /* GoogleService-Info.plist */ = {isa = PBXFileReference; fileEncoding = 4; lastKnownFileType = text.plist.xml; path = "GoogleService-Info.plist"; sourceTree = "<group>"; };
		E0B9A6512A9CFB7E003E39F2 /* RegisterViewController.swift */ = {isa = PBXFileReference; lastKnownFileType = sourcecode.swift; path = RegisterViewController.swift; sourceTree = "<group>"; };
		E0B9A6532A9CFC80003E39F2 /* HomeViewController.swift */ = {isa = PBXFileReference; lastKnownFileType = sourcecode.swift; path = HomeViewController.swift; sourceTree = "<group>"; };
		E0B9A6572A9CFE6A003E39F2 /* FileViewController.swift */ = {isa = PBXFileReference; lastKnownFileType = sourcecode.swift; path = FileViewController.swift; sourceTree = "<group>"; };
		E0D32C9B2AA62ECD00824B45 /* AlertManager.swift */ = {isa = PBXFileReference; lastKnownFileType = sourcecode.swift; path = AlertManager.swift; sourceTree = "<group>"; };
		E0DB8EB22A9C1F0C005B1E73 /* FileSharingApp.app */ = {isa = PBXFileReference; explicitFileType = wrapper.application; includeInIndex = 0; path = FileSharingApp.app; sourceTree = BUILT_PRODUCTS_DIR; };
		E0DB8EB52A9C1F0C005B1E73 /* AppDelegate.swift */ = {isa = PBXFileReference; lastKnownFileType = sourcecode.swift; path = AppDelegate.swift; sourceTree = "<group>"; };
		E0DB8EB72A9C1F0C005B1E73 /* SceneDelegate.swift */ = {isa = PBXFileReference; lastKnownFileType = sourcecode.swift; path = SceneDelegate.swift; sourceTree = "<group>"; };
		E0DB8EB92A9C1F0C005B1E73 /* LoginViewController.swift */ = {isa = PBXFileReference; lastKnownFileType = sourcecode.swift; path = LoginViewController.swift; sourceTree = "<group>"; };
		E0DB8EBC2A9C1F0C005B1E73 /* Base */ = {isa = PBXFileReference; lastKnownFileType = file.storyboard; name = Base; path = Base.lproj/Main.storyboard; sourceTree = "<group>"; };
		E0DB8EBE2A9C1F0C005B1E73 /* Assets.xcassets */ = {isa = PBXFileReference; lastKnownFileType = folder.assetcatalog; path = Assets.xcassets; sourceTree = "<group>"; };
		E0DB8EC12A9C1F0C005B1E73 /* Base */ = {isa = PBXFileReference; lastKnownFileType = file.storyboard; name = Base; path = Base.lproj/LaunchScreen.storyboard; sourceTree = "<group>"; };
		E0DB8EC32A9C1F0C005B1E73 /* Info.plist */ = {isa = PBXFileReference; lastKnownFileType = text.plist.xml; path = Info.plist; sourceTree = "<group>"; };
/* End PBXFileReference section */

/* Begin PBXFrameworksBuildPhase section */
		E0DB8EAF2A9C1F0C005B1E73 /* Frameworks */ = {
			isa = PBXFrameworksBuildPhase;
			buildActionMask = 2147483647;
			files = (
				35DAA24139476FA88B622B9D /* Pods_FileSharingApp.framework in Frameworks */,
			);
			runOnlyForDeploymentPostprocessing = 0;
		};
/* End PBXFrameworksBuildPhase section */

/* Begin PBXGroup section */
		921ED6A7286CF7B51A0D3C7E /* Frameworks */ = {
			isa = PBXGroup;
			children = (
				1012ECD605220AE28F8C0AB0 /* Pods_FileSharingApp.framework */,
			);
			name = Frameworks;
			sourceTree = "<group>";
		};
		A51DDE4C8F7F313B6E9915E9 /* Pods */ = {
			isa = PBXGroup;
			children = (
				5AC7FD398398B8319F1345A6 /* Pods-FileSharingApp.debug.xcconfig */,
				1BA87D4301779F12B2F93CB3 /* Pods-FileSharingApp.release.xcconfig */,
			);
			path = Pods;
			sourceTree = "<group>";
		};
		E0DB8EA92A9C1F0C005B1E73 = {
			isa = PBXGroup;
			children = (
				E0DB8EB42A9C1F0C005B1E73 /* FileSharingApp */,
				E0DB8EB32A9C1F0C005B1E73 /* Products */,
				A51DDE4C8F7F313B6E9915E9 /* Pods */,
				921ED6A7286CF7B51A0D3C7E /* Frameworks */,
			);
			sourceTree = "<group>";
		};
		E0DB8EB32A9C1F0C005B1E73 /* Products */ = {
			isa = PBXGroup;
			children = (
				E0DB8EB22A9C1F0C005B1E73 /* FileSharingApp.app */,
			);
			name = Products;
			sourceTree = "<group>";
		};
		E0DB8EB42A9C1F0C005B1E73 /* FileSharingApp */ = {
			isa = PBXGroup;
			children = (
				E0D32C9B2AA62ECD00824B45 /* AlertManager.swift */,
				E0DB8EB52A9C1F0C005B1E73 /* AppDelegate.swift */,
				E0DB8EB72A9C1F0C005B1E73 /* SceneDelegate.swift */,
				E0DB8EB92A9C1F0C005B1E73 /* LoginViewController.swift */,
				E0B9A6512A9CFB7E003E39F2 /* RegisterViewController.swift */,
				E0B9A6532A9CFC80003E39F2 /* HomeViewController.swift */,
				E0B9A6572A9CFE6A003E39F2 /* FileViewController.swift */,
				E020CCB02AC0CB13005A5B48 /* WebViewController.swift */,
				E0DB8EBB2A9C1F0C005B1E73 /* Main.storyboard */,
				E0DB8EBE2A9C1F0C005B1E73 /* Assets.xcassets */,
				E0DB8EC02A9C1F0C005B1E73 /* LaunchScreen.storyboard */,
				E0DB8EC32A9C1F0C005B1E73 /* Info.plist */,
				E06CFF892AB37F7E00875D0E /* GoogleService-Info.plist */,
			);
			path = FileSharingApp;
			sourceTree = "<group>";
		};
/* End PBXGroup section */

/* Begin PBXNativeTarget section */
		E0DB8EB12A9C1F0C005B1E73 /* FileSharingApp */ = {
			isa = PBXNativeTarget;
			buildConfigurationList = E0DB8EC62A9C1F0C005B1E73 /* Build configuration list for PBXNativeTarget "FileSharingApp" */;
			buildPhases = (
				40B31B560B01D9D4077EBADA /* [CP] Check Pods Manifest.lock */,
				E0DB8EAE2A9C1F0C005B1E73 /* Sources */,
				E0DB8EAF2A9C1F0C005B1E73 /* Frameworks */,
				E0DB8EB02A9C1F0C005B1E73 /* Resources */,
				8527FD4041D5090E62FB3E40 /* [CP] Embed Pods Frameworks */,
			);
			buildRules = (
			);
			dependencies = (
			);
			name = FileSharingApp;
			productName = FileSharingApp;
			productReference = E0DB8EB22A9C1F0C005B1E73 /* FileSharingApp.app */;
			productType = "com.apple.product-type.application";
		};
/* End PBXNativeTarget section */

/* Begin PBXProject section */
		E0DB8EAA2A9C1F0C005B1E73 /* Project object */ = {
			isa = PBXProject;
			attributes = {
				BuildIndependentTargetsInParallel = 1;
				LastSwiftUpdateCheck = 1430;
				LastUpgradeCheck = 1430;
				TargetAttributes = {
					E0DB8EB12A9C1F0C005B1E73 = {
						CreatedOnToolsVersion = 14.3.1;
					};
				};
			};
			buildConfigurationList = E0DB8EAD2A9C1F0C005B1E73 /* Build configuration list for PBXProject "FileSharingApp" */;
			compatibilityVersion = "Xcode 14.0";
			developmentRegion = en;
			hasScannedForEncodings = 0;
			knownRegions = (
				en,
				Base,
			);
			mainGroup = E0DB8EA92A9C1F0C005B1E73;
			productRefGroup = E0DB8EB32A9C1F0C005B1E73 /* Products */;
			projectDirPath = "";
			projectRoot = "";
			targets = (
				E0DB8EB12A9C1F0C005B1E73 /* FileSharingApp */,
			);
		};
/* End PBXProject section */

/* Begin PBXResourcesBuildPhase section */
		E0DB8EB02A9C1F0C005B1E73 /* Resources */ = {
			isa = PBXResourcesBuildPhase;
			buildActionMask = 2147483647;
			files = (
				E0DB8EC22A9C1F0C005B1E73 /* LaunchScreen.storyboard in Resources */,
				E06CFF8A2AB37F7E00875D0E /* GoogleService-Info.plist in Resources */,
				E0DB8EBF2A9C1F0C005B1E73 /* Assets.xcassets in Resources */,
				E0DB8EBD2A9C1F0C005B1E73 /* Main.storyboard in Resources */,
			);
			runOnlyForDeploymentPostprocessing = 0;
		};
/* End PBXResourcesBuildPhase section */

/* Begin PBXShellScriptBuildPhase section */
		40B31B560B01D9D4077EBADA /* [CP] Check Pods Manifest.lock */ = {
			isa = PBXShellScriptBuildPhase;
			buildActionMask = 2147483647;
			files = (
			);
			inputFileListPaths = (
			);
			inputPaths = (
				"${PODS_PODFILE_DIR_PATH}/Podfile.lock",
				"${PODS_ROOT}/Manifest.lock",
			);
			name = "[CP] Check Pods Manifest.lock";
			outputFileListPaths = (
			);
			outputPaths = (
				"$(DERIVED_FILE_DIR)/Pods-FileSharingApp-checkManifestLockResult.txt",
			);
			runOnlyForDeploymentPostprocessing = 0;
			shellPath = /bin/sh;
			shellScript = "diff \"${PODS_PODFILE_DIR_PATH}/Podfile.lock\" \"${PODS_ROOT}/Manifest.lock\" > /dev/null\nif [ $? != 0 ] ; then\n    # print error to STDERR\n    echo \"error: The sandbox is not in sync with the Podfile.lock. Run 'pod install' or update your CocoaPods installation.\" >&2\n    exit 1\nfi\n# This output is used by Xcode 'outputs' to avoid re-running this script phase.\necho \"SUCCESS\" > \"${SCRIPT_OUTPUT_FILE_0}\"\n";
			showEnvVarsInLog = 0;
		};
		8527FD4041D5090E62FB3E40 /* [CP] Embed Pods Frameworks */ = {
			isa = PBXShellScriptBuildPhase;
			buildActionMask = 2147483647;
			files = (
			);
			inputFileListPaths = (
				"${PODS_ROOT}/Target Support Files/Pods-FileSharingApp/Pods-FileSharingApp-frameworks-${CONFIGURATION}-input-files.xcfilelist",
			);
			name = "[CP] Embed Pods Frameworks";
			outputFileListPaths = (
				"${PODS_ROOT}/Target Support Files/Pods-FileSharingApp/Pods-FileSharingApp-frameworks-${CONFIGURATION}-output-files.xcfilelist",
			);
			runOnlyForDeploymentPostprocessing = 0;
			shellPath = /bin/sh;
			shellScript = "\"${PODS_ROOT}/Target Support Files/Pods-FileSharingApp/Pods-FileSharingApp-frameworks.sh\"\n";
			showEnvVarsInLog = 0;
		};
/* End PBXShellScriptBuildPhase section */

/* Begin PBXSourcesBuildPhase section */
		E0DB8EAE2A9C1F0C005B1E73 /* Sources */ = {
			isa = PBXSourcesBuildPhase;
			buildActionMask = 2147483647;
			files = (
				E0D32C9C2AA62ECD00824B45 /* AlertManager.swift in Sources */,
				E0DB8EBA2A9C1F0C005B1E73 /* LoginViewController.swift in Sources */,
				E0DB8EB62A9C1F0C005B1E73 /* AppDelegate.swift in Sources */,
				E0DB8EB82A9C1F0C005B1E73 /* SceneDelegate.swift in Sources */,
				E0B9A6522A9CFB7E003E39F2 /* RegisterViewController.swift in Sources */,
				E0B9A6542A9CFC80003E39F2 /* HomeViewController.swift in Sources */,
				E0B9A6582A9CFE6A003E39F2 /* FileViewController.swift in Sources */,
				E020CCB12AC0CB13005A5B48 /* WebViewController.swift in Sources */,
			);
			runOnlyForDeploymentPostprocessing = 0;
		};
/* End PBXSourcesBuildPhase section */

/* Begin PBXVariantGroup section */
		E0DB8EBB2A9C1F0C005B1E73 /* Main.storyboard */ = {
			isa = PBXVariantGroup;
			children = (
				E0DB8EBC2A9C1F0C005B1E73 /* Base */,
			);
			name = Main.storyboard;
			sourceTree = "<group>";
		};
		E0DB8EC02A9C1F0C005B1E73 /* LaunchScreen.storyboard */ = {
			isa = PBXVariantGroup;
			children = (
				E0DB8EC12A9C1F0C005B1E73 /* Base */,
			);
			name = LaunchScreen.storyboard;
			sourceTree = "<group>";
		};
/* End PBXVariantGroup section */

/* Begin XCBuildConfiguration section */
		E0DB8EC42A9C1F0C005B1E73 /* Debug */ = {
			isa = XCBuildConfiguration;
			buildSettings = {
				ALWAYS_SEARCH_USER_PATHS = NO;
				CLANG_ANALYZER_NONNULL = YES;
				CLANG_ANALYZER_NUMBER_OBJECT_CONVERSION = YES_AGGRESSIVE;
				CLANG_CXX_LANGUAGE_STANDARD = "gnu++20";
				CLANG_ENABLE_MODULES = YES;
				CLANG_ENABLE_OBJC_ARC = YES;
				CLANG_ENABLE_OBJC_WEAK = YES;
				CLANG_WARN_BLOCK_CAPTURE_AUTORELEASING = YES;
				CLANG_WARN_BOOL_CONVERSION = YES;
				CLANG_WARN_COMMA = YES;
				CLANG_WARN_CONSTANT_CONVERSION = YES;
				CLANG_WARN_DEPRECATED_OBJC_IMPLEMENTATIONS = YES;
				CLANG_WARN_DIRECT_OBJC_ISA_USAGE = YES_ERROR;
				CLANG_WARN_DOCUMENTATION_COMMENTS = YES;
				CLANG_WARN_EMPTY_BODY = YES;
				CLANG_WARN_ENUM_CONVERSION = YES;
				CLANG_WARN_INFINITE_RECURSION = YES;
				CLANG_WARN_INT_CONVERSION = YES;
				CLANG_WARN_NON_LITERAL_NULL_CONVERSION = YES;
				CLANG_WARN_OBJC_IMPLICIT_RETAIN_SELF = YES;
				CLANG_WARN_OBJC_LITERAL_CONVERSION = YES;
				CLANG_WARN_OBJC_ROOT_CLASS = YES_ERROR;
				CLANG_WARN_QUOTED_INCLUDE_IN_FRAMEWORK_HEADER = YES;
				CLANG_WARN_RANGE_LOOP_ANALYSIS = YES;
				CLANG_WARN_STRICT_PROTOTYPES = YES;
				CLANG_WARN_SUSPICIOUS_MOVE = YES;
				CLANG_WARN_UNGUARDED_AVAILABILITY = YES_AGGRESSIVE;
				CLANG_WARN_UNREACHABLE_CODE = YES;
				CLANG_WARN__DUPLICATE_METHOD_MATCH = YES;
				COPY_PHASE_STRIP = NO;
				DEBUG_INFORMATION_FORMAT = dwarf;
				ENABLE_STRICT_OBJC_MSGSEND = YES;
				ENABLE_TESTABILITY = YES;
				GCC_C_LANGUAGE_STANDARD = gnu11;
				GCC_DYNAMIC_NO_PIC = NO;
				GCC_NO_COMMON_BLOCKS = YES;
				GCC_OPTIMIZATION_LEVEL = 0;
				GCC_PREPROCESSOR_DEFINITIONS = (
					"DEBUG=1",
					"$(inherited)",
				);
				GCC_WARN_64_TO_32_BIT_CONVERSION = YES;
				GCC_WARN_ABOUT_RETURN_TYPE = YES_ERROR;
				GCC_WARN_UNDECLARED_SELECTOR = YES;
				GCC_WARN_UNINITIALIZED_AUTOS = YES_AGGRESSIVE;
				GCC_WARN_UNUSED_FUNCTION = YES;
				GCC_WARN_UNUSED_VARIABLE = YES;
				IPHONEOS_DEPLOYMENT_TARGET = 16.4;
				MTL_ENABLE_DEBUG_INFO = INCLUDE_SOURCE;
				MTL_FAST_MATH = YES;
				ONLY_ACTIVE_ARCH = YES;
				SDKROOT = iphoneos;
				SWIFT_ACTIVE_COMPILATION_CONDITIONS = DEBUG;
				SWIFT_OPTIMIZATION_LEVEL = "-Onone";
			};
			name = Debug;
		};
		E0DB8EC52A9C1F0C005B1E73 /* Release */ = {
			isa = XCBuildConfiguration;
			buildSettings = {
				ALWAYS_SEARCH_USER_PATHS = NO;
				CLANG_ANALYZER_NONNULL = YES;
				CLANG_ANALYZER_NUMBER_OBJECT_CONVERSION = YES_AGGRESSIVE;
				CLANG_CXX_LANGUAGE_STANDARD = "gnu++20";
				CLANG_ENABLE_MODULES = YES;
				CLANG_ENABLE_OBJC_ARC = YES;
				CLANG_ENABLE_OBJC_WEAK = YES;
				CLANG_WARN_BLOCK_CAPTURE_AUTORELEASING = YES;
				CLANG_WARN_BOOL_CONVERSION = YES;
				CLANG_WARN_COMMA = YES;
				CLANG_WARN_CONSTANT_CONVERSION = YES;
				CLANG_WARN_DEPRECATED_OBJC_IMPLEMENTATIONS = YES;
				CLANG_WARN_DIRECT_OBJC_ISA_USAGE = YES_ERROR;
				CLANG_WARN_DOCUMENTATION_COMMENTS = YES;
				CLANG_WARN_EMPTY_BODY = YES;
				CLANG_WARN_ENUM_CONVERSION = YES;
				CLANG_WARN_INFINITE_RECURSION = YES;
				CLANG_WARN_INT_CONVERSION = YES;
				CLANG_WARN_NON_LITERAL_NULL_CONVERSION = YES;
				CLANG_WARN_OBJC_IMPLICIT_RETAIN_SELF = YES;
				CLANG_WARN_OBJC_LITERAL_CONVERSION = YES;
				CLANG_WARN_OBJC_ROOT_CLASS = YES_ERROR;
				CLANG_WARN_QUOTED_INCLUDE_IN_FRAMEWORK_HEADER = YES;
				CLANG_WARN_RANGE_LOOP_ANALYSIS = YES;
				CLANG_WARN_STRICT_PROTOTYPES = YES;
				CLANG_WARN_SUSPICIOUS_MOVE = YES;
				CLANG_WARN_UNGUARDED_AVAILABILITY = YES_AGGRESSIVE;
				CLANG_WARN_UNREACHABLE_CODE = YES;
				CLANG_WARN__DUPLICATE_METHOD_MATCH = YES;
				COPY_PHASE_STRIP = NO;
				DEBUG_INFORMATION_FORMAT = "dwarf-with-dsym";
				ENABLE_NS_ASSERTIONS = NO;
				ENABLE_STRICT_OBJC_MSGSEND = YES;
				GCC_C_LANGUAGE_STANDARD = gnu11;
				GCC_NO_COMMON_BLOCKS = YES;
				GCC_WARN_64_TO_32_BIT_CONVERSION = YES;
				GCC_WARN_ABOUT_RETURN_TYPE = YES_ERROR;
				GCC_WARN_UNDECLARED_SELECTOR = YES;
				GCC_WARN_UNINITIALIZED_AUTOS = YES_AGGRESSIVE;
				GCC_WARN_UNUSED_FUNCTION = YES;
				GCC_WARN_UNUSED_VARIABLE = YES;
				IPHONEOS_DEPLOYMENT_TARGET = 16.4;
				MTL_ENABLE_DEBUG_INFO = NO;
				MTL_FAST_MATH = YES;
				SDKROOT = iphoneos;
				SWIFT_COMPILATION_MODE = wholemodule;
				SWIFT_OPTIMIZATION_LEVEL = "-O";
				VALIDATE_PRODUCT = YES;
			};
			name = Release;
		};
		E0DB8EC72A9C1F0C005B1E73 /* Debug */ = {
			isa = XCBuildConfiguration;
			baseConfigurationReference = 5AC7FD398398B8319F1345A6 /* Pods-FileSharingApp.debug.xcconfig */;
			buildSettings = {
				ASSETCATALOG_COMPILER_APPICON_NAME = AppIcon;
				ASSETCATALOG_COMPILER_GLOBAL_ACCENT_COLOR_NAME = AccentColor;
				CODE_SIGN_ENTITLEMENTS = FileSharingApp/FileSharingApp.entitlements;
				CODE_SIGN_STYLE = Automatic;
				CURRENT_PROJECT_VERSION = 1;
				DEVELOPMENT_TEAM = 85BX6YJYW5;
				GENERATE_INFOPLIST_FILE = YES;
				INFOPLIST_FILE = FileSharingApp/Info.plist;
				INFOPLIST_KEY_UIApplicationSupportsIndirectInputEvents = YES;
				INFOPLIST_KEY_UILaunchStoryboardName = LaunchScreen;
				INFOPLIST_KEY_UIMainStoryboardFile = Main;
				INFOPLIST_KEY_UISupportedInterfaceOrientations_iPad = "UIInterfaceOrientationPortrait UIInterfaceOrientationPortraitUpsideDown UIInterfaceOrientationLandscapeLeft UIInterfaceOrientationLandscapeRight";
				INFOPLIST_KEY_UISupportedInterfaceOrientations_iPhone = "UIInterfaceOrientationPortrait UIInterfaceOrientationLandscapeLeft UIInterfaceOrientationLandscapeRight";
				LD_RUNPATH_SEARCH_PATHS = (
					"$(inherited)",
					"@executable_path/Frameworks",
				);
				MARKETING_VERSION = 1.0;
				PRODUCT_BUNDLE_IDENTIFIER = com.jolly.FileSharingApp;
				PRODUCT_NAME = "$(TARGET_NAME)";
				SWIFT_EMIT_LOC_STRINGS = YES;
				SWIFT_VERSION = 5.0;
				TARGETED_DEVICE_FAMILY = "1,2";
			};
			name = Debug;
		};
		E0DB8EC82A9C1F0C005B1E73 /* Release */ = {
			isa = XCBuildConfiguration;
			baseConfigurationReference = 1BA87D4301779F12B2F93CB3 /* Pods-FileSharingApp.release.xcconfig */;
			buildSettings = {
				ASSETCATALOG_COMPILER_APPICON_NAME = AppIcon;
				ASSETCATALOG_COMPILER_GLOBAL_ACCENT_COLOR_NAME = AccentColor;
				CODE_SIGN_ENTITLEMENTS = FileSharingApp/FileSharingApp.entitlements;
				CODE_SIGN_STYLE = Automatic;
				CURRENT_PROJECT_VERSION = 1;
				DEVELOPMENT_TEAM = 85BX6YJYW5;
				GENERATE_INFOPLIST_FILE = YES;
				INFOPLIST_FILE = FileSharingApp/Info.plist;
				INFOPLIST_KEY_UIApplicationSupportsIndirectInputEvents = YES;
				INFOPLIST_KEY_UILaunchStoryboardName = LaunchScreen;
				INFOPLIST_KEY_UIMainStoryboardFile = Main;
				INFOPLIST_KEY_UISupportedInterfaceOrientations_iPad = "UIInterfaceOrientationPortrait UIInterfaceOrientationPortraitUpsideDown UIInterfaceOrientationLandscapeLeft UIInterfaceOrientationLandscapeRight";
				INFOPLIST_KEY_UISupportedInterfaceOrientations_iPhone = "UIInterfaceOrientationPortrait UIInterfaceOrientationLandscapeLeft UIInterfaceOrientationLandscapeRight";
				LD_RUNPATH_SEARCH_PATHS = (
					"$(inherited)",
					"@executable_path/Frameworks",
				);
				MARKETING_VERSION = 1.0;
				PRODUCT_BUNDLE_IDENTIFIER = com.jolly.FileSharingApp;
				PRODUCT_NAME = "$(TARGET_NAME)";
				SWIFT_EMIT_LOC_STRINGS = YES;
				SWIFT_VERSION = 5.0;
				TARGETED_DEVICE_FAMILY = "1,2";
			};
			name = Release;
		};
/* End XCBuildConfiguration section */

/* Begin XCConfigurationList section */
		E0DB8EAD2A9C1F0C005B1E73 /* Build configuration list for PBXProject "FileSharingApp" */ = {
			isa = XCConfigurationList;
			buildConfigurations = (
				E0DB8EC42A9C1F0C005B1E73 /* Debug */,
				E0DB8EC52A9C1F0C005B1E73 /* Release */,
			);
			defaultConfigurationIsVisible = 0;
			defaultConfigurationName = Release;
		};
		E0DB8EC62A9C1F0C005B1E73 /* Build configuration list for PBXNativeTarget "FileSharingApp" */ = {
			isa = XCConfigurationList;
			buildConfigurations = (
				E0DB8EC72A9C1F0C005B1E73 /* Debug */,
				E0DB8EC82A9C1F0C005B1E73 /* Release */,
			);
			defaultConfigurationIsVisible = 0;
			defaultConfigurationName = Release;
		};
/* End XCConfigurationList section */
	};
	rootObject = E0DB8EAA2A9C1F0C005B1E73 /* Project object */;
}
